
Microsoft Visual Studio Solution File, Format Version 12.00
# Visual Studio Version 16
VisualStudioVersion = 16.0.31605.320
MinimumVisualStudioVersion = 10.0.40219.1
Project("{FAE04EC0-301F-11D3-BF4B-00C04F79EFBC}") = "DZ", "DZ.csproj", "{106AA2A7-BE71-4903-9C28-12EEFCADCACC}"
EndProject
Global
	GlobalSection(SolutionConfigurationPlatforms) = preSolution
		Debug|Any CPU = Debug|Any CPU
		Release|Any CPU = Release|Any CPU
	EndGlobalSection
	GlobalSection(ProjectConfigurationPlatforms) = postSolution
		{106AA2A7-BE71-4903-9C28-12EEFCADCACC}.Debug|Any CPU.ActiveCfg = Debug|Any CPU
		{106AA2A7-BE71-4903-9C28-12EEFCADCACC}.Debug|Any CPU.Build.0 = Debug|Any CPU
		{106AA2A7-BE71-4903-9C28-12EEFCADCACC}.Release|Any CPU.ActiveCfg = Release|Any CPU
		{106AA2A7-BE71-4903-9C28-12EEFCADCACC}.Release|Any CPU.Build.0 = Release|Any CPU
	EndGlobalSection
	GlobalSection(SolutionProperties) = preSolution
		HideSolutionNode = FALSE
	EndGlobalSection
	GlobalSection(ExtensibilityGlobals) = postSolution
		SolutionGuid = {3E758A50-2D8E-4738-8729-FB1BF678CB3F}
	EndGlobalSection
EndGlobal
